{
  "originHash" : "912604f76e421a385106670da68e757144a557379bcf9e006b45eb9bfe533a92",
  "pins" : [
    {
      "identity" : "metaversepythonframework",
      "kind" : "remoteSourceControl",
      "location" : "https://github.com/wabiverse/MetaversePythonFramework",
      "state" : {
        "revision" : "e2f4ba867b7e287a283a27a0005ab64deef14279",
        "version" : "3.11.7"
      }
    },
    {
      "identity" : "metaversevulkanframework",
      "kind" : "remoteSourceControl",
      "location" : "https://github.com/wabiverse/MetaverseVulkanFramework",
      "state" : {
        "revision" : "13c7061599c61a4959c558d8ec1836e5b32b640b",
        "version" : "1.26.2"
      }
    },
    {
      "identity" : "pythonkit",
      "kind" : "remoteSourceControl",
      "location" : "https://github.com/pvieito/PythonKit.git",
      "state" : {
        "revision" : "43647b36cacb99558e57ef98e97ef598f91d1164",
        "version" : "0.5.0"
      }
    }
  ],
  "version" : 3
}
